
Microsoft Visual Studio Solution File, Format Version 12.00
# Visual Studio 15
Project("{FAE04EC0-301F-11D3-BF4B-00C04F79EFBC}") = "Assembly-CSharp", "Assembly-CSharp.csproj", "{B195A82A-F52B-55FA-DB58-D6AC8FD96963}"
EndProject
Project("{FAE04EC0-301F-11D3-BF4B-00C04F79EFBC}") = "Assembly-CSharp-firstpass", "Assembly-CSharp-firstpass.csproj", "{98334CFF-838B-853E-C16B-7B6C2D92CF99}"
EndProject
Global
	GlobalSection(SolutionConfigurationPlatforms) = preSolution
		Debug|Any CPU = Debug|Any CPU
		Release|Any CPU = Release|Any CPU
	EndGlobalSection
	GlobalSection(ProjectConfigurationPlatforms) = postSolution
		{B195A82A-F52B-55FA-DB58-D6AC8FD96963}.Debug|Any CPU.ActiveCfg = Debug|Any CPU
		{B195A82A-F52B-55FA-DB58-D6AC8FD96963}.Debug|Any CPU.Build.0 = Debug|Any CPU
		{B195A82A-F52B-55FA-DB58-D6AC8FD96963}.Release|Any CPU.ActiveCfg = Release|Any CPU
		{B195A82A-F52B-55FA-DB58-D6AC8FD96963}.Release|Any CPU.Build.0 = Release|Any CPU
		{98334CFF-838B-853E-C16B-7B6C2D92CF99}.Debug|Any CPU.ActiveCfg = Debug|Any CPU
		{98334CFF-838B-853E-C16B-7B6C2D92CF99}.Debug|Any CPU.Build.0 = Debug|Any CPU
		{98334CFF-838B-853E-C16B-7B6C2D92CF99}.Release|Any CPU.ActiveCfg = Release|Any CPU
		{98334CFF-838B-853E-C16B-7B6C2D92CF99}.Release|Any CPU.Build.0 = Release|Any CPU
	EndGlobalSection
	GlobalSection(SolutionProperties) = preSolution
		HideSolutionNode = FALSE
	EndGlobalSection
EndGlobal
